
Microsoft Visual Studio Solution File, Format Version 12.00
# Visual Studio Version 17
VisualStudioVersion = 17.9.34622.214
MinimumVisualStudioVersion = 10.0.40219.1
Project("{9A19103F-16F7-4668-BE54-9A1E7A4F7556}") = "Comparables", "Comparables\Comparables.csproj", "{9906A8C5-46EC-4316-A941-A8B40FF6A82D}"
EndProject
Project("{9A19103F-16F7-4668-BE54-9A1E7A4F7556}") = "Comparers", "Comparers\Comparers.csproj", "{A4497552-26D7-4790-86B3-1E16EB2F65E0}"
EndProject
Project("{FAE04EC0-301F-11D3-BF4B-00C04F79EFBC}") = "Parameterss", "Parameterss\Parameterss.csproj", "{156F2532-7B2E-46F2-B671-730067563903}"
EndProject
Global
	GlobalSection(SolutionConfigurationPlatforms) = preSolution
		Debug|Any CPU = Debug|Any CPU
		Release|Any CPU = Release|Any CPU
	EndGlobalSection
	GlobalSection(ProjectConfigurationPlatforms) = postSolution
		{9906A8C5-46EC-4316-A941-A8B40FF6A82D}.Debug|Any CPU.ActiveCfg = Debug|Any CPU
		{9906A8C5-46EC-4316-A941-A8B40FF6A82D}.Debug|Any CPU.Build.0 = Debug|Any CPU
		{9906A8C5-46EC-4316-A941-A8B40FF6A82D}.Release|Any CPU.ActiveCfg = Release|Any CPU
		{9906A8C5-46EC-4316-A941-A8B40FF6A82D}.Release|Any CPU.Build.0 = Release|Any CPU
		{A4497552-26D7-4790-86B3-1E16EB2F65E0}.Debug|Any CPU.ActiveCfg = Debug|Any CPU
		{A4497552-26D7-4790-86B3-1E16EB2F65E0}.Debug|Any CPU.Build.0 = Debug|Any CPU
		{A4497552-26D7-4790-86B3-1E16EB2F65E0}.Release|Any CPU.ActiveCfg = Release|Any CPU
		{A4497552-26D7-4790-86B3-1E16EB2F65E0}.Release|Any CPU.Build.0 = Release|Any CPU
		{156F2532-7B2E-46F2-B671-730067563903}.Debug|Any CPU.ActiveCfg = Debug|Any CPU
		{156F2532-7B2E-46F2-B671-730067563903}.Debug|Any CPU.Build.0 = Debug|Any CPU
		{156F2532-7B2E-46F2-B671-730067563903}.Release|Any CPU.ActiveCfg = Release|Any CPU
		{156F2532-7B2E-46F2-B671-730067563903}.Release|Any CPU.Build.0 = Release|Any CPU
	EndGlobalSection
	GlobalSection(SolutionProperties) = preSolution
		HideSolutionNode = FALSE
	EndGlobalSection
	GlobalSection(ExtensibilityGlobals) = postSolution
		SolutionGuid = {DC1A3F2B-2B1C-4266-A8A8-91598AB5C3B3}
	EndGlobalSection
EndGlobal
